{
    "_readme": [
        "This file locks the dependencies of your project to a known state",
        "Read more about it at https://getcomposer.org/doc/01-basic-usage.md#installing-dependencies",
        "This file is @generated automatically"
    ],
    "content-hash": "b82830ee75a23a80e97ebe98c3c2465f",
    "packages": [
        {
            "name": "twbs/bootstrap",
            "version": "v5.2.3",
            "source": {
                "type": "git",
                "url": "https://github.com/twbs/bootstrap.git",
                "reference": "cb021439c683d9805e2864c58095b92d405e9b11"
            },
            "dist": {
                "type": "zip",
                "url": "https://api.github.com/repos/twbs/bootstrap/zipball/cb021439c683d9805e2864c58095b92d405e9b11",
                "reference": "cb021439c683d9805e2864c58095b92d405e9b11",
                "shasum": ""
            },
            "replace": {
                "twitter/bootstrap": "self.version"
            },
            "type": "library",
            "notification-url": "https://packagist.org/downloads/",
            "license": [
                "MIT"
            ],
            "authors": [
                {
                    "name": "Mark Otto",
                    "email": "markdotto@gmail.com"
                },
                {
                    "name": "Jacob Thornton",
                    "email": "jacobthornton@gmail.com"
                }
            ],
            "description": "The most popular front-end framework for developing responsive, mobile first projects on the web.",
            "homepage": "https://getbootstrap.com/",
            "keywords": [
                "JS",
                "css",
                "framework",
                "front-end",
                "mobile-first",
                "responsive",
                "sass",
                "web"
            ],
            "support": {
                "issues": "https://github.com/twbs/bootstrap/issues",
                "source": "https://github.com/twbs/bootstrap/tree/v5.2.3"
            },
            "time": "2022-11-21T18:19:01+00:00"
        },
        {
            "name": "twbs/bootstrap-icons",
            "version": "v1.10.5",
            "source": {
                "type": "git",
                "url": "https://github.com/twbs/icons.git",
                "reference": "648aa8238437d9da9227f6273cc163ec5841382d"
            },
            "dist": {
                "type": "zip",
                "url": "https://api.github.com/repos/twbs/icons/zipball/648aa8238437d9da9227f6273cc163ec5841382d",
                "reference": "648aa8238437d9da9227f6273cc163ec5841382d",
                "shasum": ""
            },
            "type": "library",
            "notification-url": "https://packagist.org/downloads/",
            "license": [
                "MIT"
            ],
            "authors": [
                {
                    "name": "Mark Otto",
                    "email": "markdotto@gmail.com"
                }
            ],
            "description": "Official open source SVG icon library for Bootstrap",
            "homepage": "https://icons.getbootstrap.com/",
            "keywords": [
                "bootstrap",
                "icon font",
                "icons",
                "svg"
            ],
            "support": {
                "issues": "https://github.com/twbs/icons/issues",
                "source": "https://github.com/twbs/icons/tree/v1.10.5"
            },
            "time": "2023-04-26T19:56:04+00:00"
        }
    ],
    "packages-dev": [],
    "aliases": [],
    "minimum-stability": "stable",
    "stability-flags": [],
    "prefer-stable": false,
    "prefer-lowest": false,
    "platform": {
        "php": "~8.1.0",
        "ext-mbstring": "*",
        "ext-curl": "*"
    },
    "platform-dev": [],
    "plugin-api-version": "2.3.0"
}
